
Microsoft Visual Studio Solution File, Format Version 12.00
# Visual Studio Version 16
VisualStudioVersion = 16.0.32602.291
MinimumVisualStudioVersion = 10.0.40219.1
Project("{9A19103F-16F7-4668-BE54-9A1E7A4F7556}") = "PaiTwitterApi", "PaiTwitterApi\PaiTwitterApi.csproj", "{32C790AE-5392-44BF-B0B3-D02CDBBFAAB7}"
EndProject
Global
	GlobalSection(SolutionConfigurationPlatforms) = preSolution
		Debug|Any CPU = Debug|Any CPU
		Release|Any CPU = Release|Any CPU
	EndGlobalSection
	GlobalSection(ProjectConfigurationPlatforms) = postSolution
		{32C790AE-5392-44BF-B0B3-D02CDBBFAAB7}.Debug|Any CPU.ActiveCfg = Debug|Any CPU
		{32C790AE-5392-44BF-B0B3-D02CDBBFAAB7}.Debug|Any CPU.Build.0 = Debug|Any CPU
		{32C790AE-5392-44BF-B0B3-D02CDBBFAAB7}.Release|Any CPU.ActiveCfg = Release|Any CPU
		{32C790AE-5392-44BF-B0B3-D02CDBBFAAB7}.Release|Any CPU.Build.0 = Release|Any CPU
	EndGlobalSection
	GlobalSection(SolutionProperties) = preSolution
		HideSolutionNode = FALSE
	EndGlobalSection
	GlobalSection(ExtensibilityGlobals) = postSolution
		SolutionGuid = {76DC5364-BEB9-466C-A656-781843A7C217}
	EndGlobalSection
EndGlobal
